{
  "lockfile_version": "1",
  "packages": {
    "ast-grep@latest": {
      "last_modified": "2025-08-12T09:17:37Z",
      "resolved": "github:NixOS/nixpkgs/372d9eeeafa5b15913201e2b92e8e539ac7c64d1#ast-grep",
      "source": "devbox-search",
      "version": "0.39.3",
      "systems": {
        "aarch64-darwin": {
          "outputs": [
            {
              "name": "out",
              "path": "/nix/store/bi6a518kqfxmhw8ypzpdd4h48p8ixh8y-ast-grep-0.39.3",
              "default": true
            }
          ],
          "store_path": "/nix/store/bi6a518kqfxmhw8ypzpdd4h48p8ixh8y-ast-grep-0.39.3"
        },
        "aarch64-linux": {
          "outputs": [
            {
              "name": "out",
              "path": "/nix/store/r8zv7dldahr78vrnlgdajb2khn2v4g9j-ast-grep-0.39.3",
              "default": true
            }
          ],
          "store_path": "/nix/store/r8zv7dldahr78vrnlgdajb2khn2v4g9j-ast-grep-0.39.3"
        },
        "x86_64-darwin": {
          "outputs": [
            {
              "name": "out",
              "path": "/nix/store/kcqvx7wdqfd0mzq9hz6qndg2j9a826gw-ast-grep-0.39.3",
              "default": true
            }
          ],
          "store_path": "/nix/store/kcqvx7wdqfd0mzq9hz6qndg2j9a826gw-ast-grep-0.39.3"
        },
        "x86_64-linux": {
          "outputs": [
            {
              "name": "out",
              "path": "/nix/store/nbh0r6my8zlhrs8p44a0wbag2dxzp61m-ast-grep-0.39.3",
              "default": true
            }
          ],
          "store_path": "/nix/store/nbh0r6my8zlhrs8p44a0wbag2dxzp61m-ast-grep-0.39.3"
        }
      }
    },
    "claude-code@1.0.72": {
      "last_modified": "2025-08-09T12:28:43Z",
      "resolved": "github:NixOS/nixpkgs/f86999f8bfef9ff57f7f03c1c5deedc2784fc666#claude-code",
      "source": "devbox-search",
      "version": "1.0.72",
      "systems": {
        "aarch64-darwin": {
          "outputs": [
            {
              "name": "out",
              "path": "/nix/store/hbcrz6drip9lds3wv31hn4w94xkq3r0h-claude-code-1.0.72",
              "default": true
            }
          ],
          "store_path": "/nix/store/hbcrz6drip9lds3wv31hn4w94xkq3r0h-claude-code-1.0.72"
        },
        "aarch64-linux": {
          "outputs": [
            {
              "name": "out",
              "path": "/nix/store/v4jmh6a82gyrp74i8js3yw2g6bsz25jp-claude-code-1.0.72",
              "default": true
            }
          ],
          "store_path": "/nix/store/v4jmh6a82gyrp74i8js3yw2g6bsz25jp-claude-code-1.0.72"
        },
        "x86_64-darwin": {
          "outputs": [
            {
              "name": "out",
              "path": "/nix/store/cdsqa260ag7aml4a80ikr6r4a8cc85lx-claude-code-1.0.72",
              "default": true
            }
          ],
          "store_path": "/nix/store/cdsqa260ag7aml4a80ikr6r4a8cc85lx-claude-code-1.0.72"
        },
        "x86_64-linux": {
          "outputs": [
            {
              "name": "out",
              "path": "/nix/store/cg2dz65fgxzz5dx8jsxyabi6i8zw9bkc-claude-code-1.0.72",
              "default": true
            }
          ],
          "store_path": "/nix/store/cg2dz65fgxzz5dx8jsxyabi6i8zw9bkc-claude-code-1.0.72"
        }
      }
    },
    "deno@2": {
      "last_modified": "2025-08-09T20:54:02Z",
      "resolved": "github:NixOS/nixpkgs/1ef586712f85b4b004caecd385d6b023e7fd2450#deno",
      "source": "devbox-search",
      "version": "2.4.3",
      "systems": {
        "aarch64-darwin": {
          "outputs": [
            {
              "name": "out",
              "path": "/nix/store/lcs1hak1b5qbham5z3vdwnylb72cy3ap-deno-2.4.3",
              "default": true
            }
          ],
          "store_path": "/nix/store/lcs1hak1b5qbham5z3vdwnylb72cy3ap-deno-2.4.3"
        },
        "aarch64-linux": {
          "outputs": [
            {
              "name": "out",
              "path": "/nix/store/8y67n5jc9wjrjpqm0v5dwpv8ibpgir7g-deno-2.4.3",
              "default": true
            }
          ],
          "store_path": "/nix/store/8y67n5jc9wjrjpqm0v5dwpv8ibpgir7g-deno-2.4.3"
        },
        "x86_64-darwin": {
          "outputs": [
            {
              "name": "out",
              "path": "/nix/store/mppyg2s0cdaf5qbsh720pygd6ddanp3g-deno-2.4.3",
              "default": true
            }
          ],
          "store_path": "/nix/store/mppyg2s0cdaf5qbsh720pygd6ddanp3g-deno-2.4.3"
        },
        "x86_64-linux": {
          "outputs": [
            {
              "name": "out",
              "path": "/nix/store/0nzhidvw1qwbxhlc175iq11nglgs61js-deno-2.4.3",
              "default": true
            }
          ],
          "store_path": "/nix/store/0nzhidvw1qwbxhlc175iq11nglgs61js-deno-2.4.3"
        }
      }
    },
    "github:NixOS/nixpkgs/nixpkgs-unstable": {
      "last_modified": "2025-08-15T14:26:43Z",
      "resolved": "github:NixOS/nixpkgs/32f313e49e42f715491e1ea7b306a87c16fe0388?lastModified=1755268003&narHash=sha256-nNaeJjo861wFR0tjHDyCnHs1rbRtrMgxAKMoig9Sj%2Fw%3D"
    },
    "go@1.24": {
      "last_modified": "2025-07-28T17:09:23Z",
      "resolved": "github:NixOS/nixpkgs/648f70160c03151bc2121d179291337ad6bc564b#go",
      "source": "devbox-search",
      "version": "1.24.5",
      "systems": {
        "aarch64-darwin": {
          "outputs": [
            {
              "name": "out",
              "path": "/nix/store/kw1vd98s15vj700m3gx2x2xca2z477i3-go-1.24.5",
              "default": true
            }
          ],
          "store_path": "/nix/store/kw1vd98s15vj700m3gx2x2xca2z477i3-go-1.24.5"
        },
        "aarch64-linux": {
          "outputs": [
            {
              "name": "out",
              "path": "/nix/store/5bzlaj0c4mqw9p0zrcx5g9vz16vd45dl-go-1.24.5",
              "default": true
            }
          ],
          "store_path": "/nix/store/5bzlaj0c4mqw9p0zrcx5g9vz16vd45dl-go-1.24.5"
        },
        "x86_64-darwin": {
          "outputs": [
            {
              "name": "out",
              "path": "/nix/store/b72n20ixzl5ja9vciwahkr30bhmsn5jc-go-1.24.5",
              "default": true
            }
          ],
          "store_path": "/nix/store/b72n20ixzl5ja9vciwahkr30bhmsn5jc-go-1.24.5"
        },
        "x86_64-linux": {
          "outputs": [
            {
              "name": "out",
              "path": "/nix/store/y4awwzp30ka130wmjrpaqjmjdf9p010w-go-1.24.5",
              "default": true
            }
          ],
          "store_path": "/nix/store/y4awwzp30ka130wmjrpaqjmjdf9p010w-go-1.24.5"
        }
      }
    },
    "golangci-lint@latest": {
      "last_modified": "2025-08-03T19:18:05Z",
      "resolved": "github:NixOS/nixpkgs/bf9fa86a9b1005d932f842edf2c38eeecc98eef3#golangci-lint",
      "source": "devbox-search",
      "version": "2.3.1",
      "systems": {
        "aarch64-darwin": {
          "outputs": [
            {
              "name": "out",
              "path": "/nix/store/ahn380skfkdg3ynimjpqakc1wp26mpsi-golangci-lint-2.3.1",
              "default": true
            }
          ],
          "store_path": "/nix/store/ahn380skfkdg3ynimjpqakc1wp26mpsi-golangci-lint-2.3.1"
        },
        "aarch64-linux": {
          "outputs": [
            {
              "name": "out",
              "path": "/nix/store/5wf61l5pnqlna9mwllllq334rkh1i2a6-golangci-lint-2.3.1",
              "default": true
            }
          ],
          "store_path": "/nix/store/5wf61l5pnqlna9mwllllq334rkh1i2a6-golangci-lint-2.3.1"
        },
        "x86_64-darwin": {
          "outputs": [
            {
              "name": "out",
              "path": "/nix/store/sbqfd50kb6g4gka3w1vixjrnacspdwq5-golangci-lint-2.3.1",
              "default": true
            }
          ],
          "store_path": "/nix/store/sbqfd50kb6g4gka3w1vixjrnacspdwq5-golangci-lint-2.3.1"
        },
        "x86_64-linux": {
          "outputs": [
            {
              "name": "out",
              "path": "/nix/store/kxbsvkixvkn0ss81rbc1g814sizd1jwj-golangci-lint-2.3.1",
              "default": true
            }
          ],
          "store_path": "/nix/store/kxbsvkixvkn0ss81rbc1g814sizd1jwj-golangci-lint-2.3.1"
        }
      }
    },
    "gopls@latest": {
      "last_modified": "2025-07-30T02:55:55Z",
      "resolved": "github:NixOS/nixpkgs/e44b8dc0882d66e2627a8ff252b04a22f4a629fd#gopls",
      "source": "devbox-search",
      "version": "0.20.0",
      "systems": {
        "aarch64-darwin": {
          "outputs": [
            {
              "name": "out",
              "path": "/nix/store/9aihr595jwwqcpy71zx5a4c1j85qw4w0-gopls-0.20.0",
              "default": true
            }
          ],
          "store_path": "/nix/store/9aihr595jwwqcpy71zx5a4c1j85qw4w0-gopls-0.20.0"
        },
        "aarch64-linux": {
          "outputs": [
            {
              "name": "out",
              "path": "/nix/store/h3h83qsnjdgi23iv579qq0mjilz5b99p-gopls-0.20.0",
              "default": true
            }
          ],
          "store_path": "/nix/store/h3h83qsnjdgi23iv579qq0mjilz5b99p-gopls-0.20.0"
        },
        "x86_64-darwin": {
          "outputs": [
            {
              "name": "out",
              "path": "/nix/store/p0sgvqb0sx87yqw20j386n8g4b515gwn-gopls-0.20.0",
              "default": true
            }
          ],
          "store_path": "/nix/store/p0sgvqb0sx87yqw20j386n8g4b515gwn-gopls-0.20.0"
        },
        "x86_64-linux": {
          "outputs": [
            {
              "name": "out",
              "path": "/nix/store/mr9hf5mgdcymakih6q9mfw6h39qs6746-gopls-0.20.0",
              "default": true
            }
          ],
          "store_path": "/nix/store/mr9hf5mgdcymakih6q9mfw6h39qs6746-gopls-0.20.0"
        }
      }
    },
    "gotestsum@latest": {
      "last_modified": "2025-07-28T17:09:23Z",
      "resolved": "github:NixOS/nixpkgs/648f70160c03151bc2121d179291337ad6bc564b#gotestsum",
      "source": "devbox-search",
      "version": "1.12.3",
      "systems": {
        "aarch64-darwin": {
          "outputs": [
            {
              "name": "out",
              "path": "/nix/store/swq60xs4jg3wfcamp4p6wzz6qn3c8qvx-gotestsum-1.12.3",
              "default": true
            }
          ],
          "store_path": "/nix/store/swq60xs4jg3wfcamp4p6wzz6qn3c8qvx-gotestsum-1.12.3"
        },
        "aarch64-linux": {
          "outputs": [
            {
              "name": "out",
              "path": "/nix/store/7haic4cb3kamhn8wm6gl4apgj3pcmbra-gotestsum-1.12.3",
              "default": true
            }
          ],
          "store_path": "/nix/store/7haic4cb3kamhn8wm6gl4apgj3pcmbra-gotestsum-1.12.3"
        },
        "x86_64-darwin": {
          "outputs": [
            {
              "name": "out",
              "path": "/nix/store/gkfzawlv13c7as7nyvcyylc22n1a2kfq-gotestsum-1.12.3",
              "default": true
            }
          ],
          "store_path": "/nix/store/gkfzawlv13c7as7nyvcyylc22n1a2kfq-gotestsum-1.12.3"
        },
        "x86_64-linux": {
          "outputs": [
            {
              "name": "out",
              "path": "/nix/store/lpk7zks194p1l7580176rssghrklj81q-gotestsum-1.12.3",
              "default": true
            }
          ],
          "store_path": "/nix/store/lpk7zks194p1l7580176rssghrklj81q-gotestsum-1.12.3"
        }
      }
    },
    "jq@latest": {
      "last_modified": "2025-08-12T09:17:37Z",
      "resolved": "github:NixOS/nixpkgs/372d9eeeafa5b15913201e2b92e8e539ac7c64d1#jq",
      "source": "devbox-search",
      "version": "1.8.1",
      "systems": {
        "aarch64-darwin": {
          "outputs": [
            {
              "name": "bin",
              "path": "/nix/store/bk70k4fzjkki438jhl73ry55amwhvzkd-jq-1.8.1-bin",
              "default": true
            },
            {
              "name": "man",
              "path": "/nix/store/vn6dfky85mpw670m4c2zi61cvjcx1asj-jq-1.8.1-man",
              "default": true
            },
            {
              "name": "dev",
              "path": "/nix/store/4jjfl7vg6y26npsx078850sr5lghx8mi-jq-1.8.1-dev"
            },
            {
              "name": "doc",
              "path": "/nix/store/j8nb6pqjccz7j4nn4mqmx92yvgl31ajl-jq-1.8.1-doc"
            },
            {
              "name": "out",
              "path": "/nix/store/z7npa6zipbnn7akq0dzpvp6ldc53qvbl-jq-1.8.1"
            }
          ],
          "store_path": "/nix/store/bk70k4fzjkki438jhl73ry55amwhvzkd-jq-1.8.1-bin"
        },
        "aarch64-linux": {
          "outputs": [
            {
              "name": "bin",
              "path": "/nix/store/k881xdkfjqnyaclrq5n1lfxjnv1z70ds-jq-1.8.1-bin",
              "default": true
            },
            {
              "name": "man",
              "path": "/nix/store/51fwmry2hkrsdnzb9nngwhffm0rnha72-jq-1.8.1-man",
              "default": true
            },
            {
              "name": "dev",
              "path": "/nix/store/zbw60md1qi8bif7k5qmh9l4an8hx924g-jq-1.8.1-dev"
            },
            {
              "name": "doc",
              "path": "/nix/store/k19ngx2hsicd6qvl5lxx878ag9443pwq-jq-1.8.1-doc"
            },
            {
              "name": "out",
              "path": "/nix/store/5sq5gjdf3v9pc4b78mfx1v9vkzx65dhk-jq-1.8.1"
            }
          ],
          "store_path": "/nix/store/k881xdkfjqnyaclrq5n1lfxjnv1z70ds-jq-1.8.1-bin"
        },
        "x86_64-darwin": {
          "outputs": [
            {
              "name": "bin",
              "path": "/nix/store/n9hbqknz3fxayw3c4y2l7yipa7n975ic-jq-1.8.1-bin",
              "default": true
            },
            {
              "name": "man",
              "path": "/nix/store/46h6qyk0f9436w8pcvgx7h59j0ic41iv-jq-1.8.1-man",
              "default": true
            },
            {
              "name": "doc",
              "path": "/nix/store/ac3lal7kk1vbri37b2v5c1r8dq8356qs-jq-1.8.1-doc"
            },
            {
              "name": "out",
              "path": "/nix/store/n94wp81gr2ifwzy6fzc8andk4h2cmnia-jq-1.8.1"
            },
            {
              "name": "dev",
              "path": "/nix/store/frdhk9q6bvdpx6pjspxvp56wqmj5xrwr-jq-1.8.1-dev"
            }
          ],
          "store_path": "/nix/store/n9hbqknz3fxayw3c4y2l7yipa7n975ic-jq-1.8.1-bin"
        },
        "x86_64-linux": {
          "outputs": [
            {
              "name": "bin",
              "path": "/nix/store/kwxm52f2g9ap890pfj2j4ryzq2gj2i69-jq-1.8.1-bin",
              "default": true
            },
            {
              "name": "man",
              "path": "/nix/store/pdh9j4z29n3m1xahvssji96cfgk21a43-jq-1.8.1-man",
              "default": true
            },
            {
              "name": "out",
              "path": "/nix/store/mmi8dxjdsv8r9jxnyd3dqwqakxda1796-jq-1.8.1"
            },
            {
              "name": "dev",
              "path": "/nix/store/h0xayyfsl9f17bss0x1xhhz7c3n5fq43-jq-1.8.1-dev"
            },
            {
              "name": "doc",
              "path": "/nix/store/j9idg8al8k1fs1v3sm6axc9zsd8zj5vn-jq-1.8.1-doc"
            }
          ],
          "store_path": "/nix/store/kwxm52f2g9ap890pfj2j4ryzq2gj2i69-jq-1.8.1-bin"
        }
      }
    },
    "uv@latest": {
      "last_modified": "2025-07-28T17:09:23Z",
      "resolved": "github:NixOS/nixpkgs/648f70160c03151bc2121d179291337ad6bc564b#uv",
      "source": "devbox-search",
      "version": "0.8.2",
      "systems": {
        "aarch64-darwin": {
          "outputs": [
            {
              "name": "out",
              "path": "/nix/store/db9y1b002zlnyjgpsnbl9hvlwsiqajl4-uv-0.8.2",
              "default": true
            }
          ],
          "store_path": "/nix/store/db9y1b002zlnyjgpsnbl9hvlwsiqajl4-uv-0.8.2"
        },
        "aarch64-linux": {
          "outputs": [
            {
              "name": "out",
              "path": "/nix/store/bdps6h2gn2rysavc3cq2slqnjlsyyk03-uv-0.8.2",
              "default": true
            }
          ],
          "store_path": "/nix/store/bdps6h2gn2rysavc3cq2slqnjlsyyk03-uv-0.8.2"
        },
        "x86_64-darwin": {
          "outputs": [
            {
              "name": "out",
              "path": "/nix/store/91g6383zq1wbiik2an7g6yfrj294c19v-uv-0.8.2",
              "default": true
            }
          ],
          "store_path": "/nix/store/91g6383zq1wbiik2an7g6yfrj294c19v-uv-0.8.2"
        },
        "x86_64-linux": {
          "outputs": [
            {
              "name": "out",
              "path": "/nix/store/swq8qrr7n5gkc1b4940q62a3ll52prgl-uv-0.8.2",
              "default": true
            }
          ],
          "store_path": "/nix/store/swq8qrr7n5gkc1b4940q62a3ll52prgl-uv-0.8.2"
        }
      }
    },
    "viu@latest": {
      "last_modified": "2025-07-28T17:09:23Z",
      "resolved": "github:NixOS/nixpkgs/648f70160c03151bc2121d179291337ad6bc564b#viu",
      "source": "devbox-search",
      "version": "1.5.1",
      "systems": {
        "aarch64-darwin": {
          "outputs": [
            {
              "name": "out",
              "path": "/nix/store/iy038kir54ldpvxc5zm82k5crliv5f5l-viu-1.5.1",
              "default": true
            }
          ],
          "store_path": "/nix/store/iy038kir54ldpvxc5zm82k5crliv5f5l-viu-1.5.1"
        },
        "aarch64-linux": {
          "outputs": [
            {
              "name": "out",
              "path": "/nix/store/7rcgk2nnwhr1vx4cd15p9fb3b1yw3pkf-viu-1.5.1",
              "default": true
            }
          ],
          "store_path": "/nix/store/7rcgk2nnwhr1vx4cd15p9fb3b1yw3pkf-viu-1.5.1"
        },
        "x86_64-darwin": {
          "outputs": [
            {
              "name": "out",
              "path": "/nix/store/17k7qkiaaxa0fsd5cjp8dc7ji16krds3-viu-1.5.1",
              "default": true
            }
          ],
          "store_path": "/nix/store/17k7qkiaaxa0fsd5cjp8dc7ji16krds3-viu-1.5.1"
        },
        "x86_64-linux": {
          "outputs": [
            {
              "name": "out",
              "path": "/nix/store/kwj08cpvk0yjf6yvajzwbxx2n96wxg05-viu-1.5.1",
              "default": true
            }
          ],
          "store_path": "/nix/store/kwj08cpvk0yjf6yvajzwbxx2n96wxg05-viu-1.5.1"
        }
      }
    },
    "yq@latest": {
      "last_modified": "2025-07-28T17:09:23Z",
      "resolved": "github:NixOS/nixpkgs/648f70160c03151bc2121d179291337ad6bc564b#yq",
      "source": "devbox-search",
      "version": "3.4.3",
      "systems": {
        "aarch64-darwin": {
          "outputs": [
            {
              "name": "out",
              "path": "/nix/store/pv0z7486gqyfldkdm9dl7b7kh91n1xdz-python3.13-yq-3.4.3",
              "default": true
            },
            {
              "name": "dist",
              "path": "/nix/store/agqzsww2s8gwziryz8dbva6xh24h7rjp-python3.13-yq-3.4.3-dist"
            }
          ],
          "store_path": "/nix/store/pv0z7486gqyfldkdm9dl7b7kh91n1xdz-python3.13-yq-3.4.3"
        },
        "aarch64-linux": {
          "outputs": [
            {
              "name": "out",
              "path": "/nix/store/f2ljrw5wyly5w5w051xf15026i3cpxvm-python3.13-yq-3.4.3",
              "default": true
            },
            {
              "name": "dist",
              "path": "/nix/store/2kzk1g3y5slylhkfidrazy5fsl5m7dl5-python3.13-yq-3.4.3-dist"
            }
          ],
          "store_path": "/nix/store/f2ljrw5wyly5w5w051xf15026i3cpxvm-python3.13-yq-3.4.3"
        },
        "x86_64-darwin": {
          "outputs": [
            {
              "name": "out",
              "path": "/nix/store/fnyws30rnpa4i1aw0rrd0z2n0wn3qv9m-python3.13-yq-3.4.3",
              "default": true
            },
            {
              "name": "dist",
              "path": "/nix/store/ll0nb6a2f9wd1ghpymyg8fjwiyqgxls1-python3.13-yq-3.4.3-dist"
            }
          ],
          "store_path": "/nix/store/fnyws30rnpa4i1aw0rrd0z2n0wn3qv9m-python3.13-yq-3.4.3"
        },
        "x86_64-linux": {
          "outputs": [
            {
              "name": "out",
              "path": "/nix/store/73wfjnpi4ms8xbrf4j8357rk0gm6dsc9-python3.13-yq-3.4.3",
              "default": true
            },
            {
              "name": "dist",
              "path": "/nix/store/kbizcjfiqi08yvdb7zkp44fshi1rw97y-python3.13-yq-3.4.3-dist"
            }
          ],
          "store_path": "/nix/store/73wfjnpi4ms8xbrf4j8357rk0gm6dsc9-python3.13-yq-3.4.3"
        }
      }
    }
  }
}
