{
  "lockfile_version": "1",
  "packages": {
    "claude-code@latest": {
      "last_modified": "2025-08-04T20:54:38Z",
      "resolved": "github:NixOS/nixpkgs/cab778239e705082fe97bb4990e0d24c50924c04#claude-code",
      "source": "devbox-search",
      "version": "1.0.67",
      "systems": {
        "aarch64-darwin": {
          "outputs": [
            {
              "name": "out",
              "path": "/nix/store/f968nrnp8176zl82wwniszg6gh559j0r-claude-code-1.0.67",
              "default": true
            }
          ],
          "store_path": "/nix/store/f968nrnp8176zl82wwniszg6gh559j0r-claude-code-1.0.67"
        },
        "aarch64-linux": {
          "outputs": [
            {
              "name": "out",
              "path": "/nix/store/mva7xr29lc3q82i9668cpz9v1m7lhplr-claude-code-1.0.67",
              "default": true
            }
          ],
          "store_path": "/nix/store/mva7xr29lc3q82i9668cpz9v1m7lhplr-claude-code-1.0.67"
        },
        "x86_64-darwin": {
          "outputs": [
            {
              "name": "out",
              "path": "/nix/store/f9lrad5bb7ibc576xq4padidqqw4zakr-claude-code-1.0.67",
              "default": true
            }
          ],
          "store_path": "/nix/store/f9lrad5bb7ibc576xq4padidqqw4zakr-claude-code-1.0.67"
        },
        "x86_64-linux": {
          "outputs": [
            {
              "name": "out",
              "path": "/nix/store/aidxz6v1br7laj0554cnfdb58r0bwisv-claude-code-1.0.67",
              "default": true
            }
          ],
          "store_path": "/nix/store/aidxz6v1br7laj0554cnfdb58r0bwisv-claude-code-1.0.67"
        }
      }
    },
    "github:NixOS/nixpkgs/nixpkgs-unstable": {
      "last_modified": "2025-08-14T12:45:40Z",
      "resolved": "github:NixOS/nixpkgs/a595dde4d0d31606e19dcec73db02279db59d201?lastModified=1755175540&narHash=sha256-V0j2S1r25QnbqBLzN2Rg%2FdKKil789bI3P3id7bDPVc4%3D"
    },
    "go@1.24": {
      "last_modified": "2025-07-28T17:09:23Z",
      "resolved": "github:NixOS/nixpkgs/648f70160c03151bc2121d179291337ad6bc564b#go",
      "source": "devbox-search",
      "version": "1.24.5",
      "systems": {
        "aarch64-darwin": {
          "outputs": [
            {
              "name": "out",
              "path": "/nix/store/kw1vd98s15vj700m3gx2x2xca2z477i3-go-1.24.5",
              "default": true
            }
          ],
          "store_path": "/nix/store/kw1vd98s15vj700m3gx2x2xca2z477i3-go-1.24.5"
        },
        "aarch64-linux": {
          "outputs": [
            {
              "name": "out",
              "path": "/nix/store/5bzlaj0c4mqw9p0zrcx5g9vz16vd45dl-go-1.24.5",
              "default": true
            }
          ],
          "store_path": "/nix/store/5bzlaj0c4mqw9p0zrcx5g9vz16vd45dl-go-1.24.5"
        },
        "x86_64-darwin": {
          "outputs": [
            {
              "name": "out",
              "path": "/nix/store/b72n20ixzl5ja9vciwahkr30bhmsn5jc-go-1.24.5",
              "default": true
            }
          ],
          "store_path": "/nix/store/b72n20ixzl5ja9vciwahkr30bhmsn5jc-go-1.24.5"
        },
        "x86_64-linux": {
          "outputs": [
            {
              "name": "out",
              "path": "/nix/store/y4awwzp30ka130wmjrpaqjmjdf9p010w-go-1.24.5",
              "default": true
            }
          ],
          "store_path": "/nix/store/y4awwzp30ka130wmjrpaqjmjdf9p010w-go-1.24.5"
        }
      }
    },
    "golangci-lint@latest": {
      "last_modified": "2025-08-03T19:18:05Z",
      "resolved": "github:NixOS/nixpkgs/bf9fa86a9b1005d932f842edf2c38eeecc98eef3#golangci-lint",
      "source": "devbox-search",
      "version": "2.3.1",
      "systems": {
        "aarch64-darwin": {
          "outputs": [
            {
              "name": "out",
              "path": "/nix/store/ahn380skfkdg3ynimjpqakc1wp26mpsi-golangci-lint-2.3.1",
              "default": true
            }
          ],
          "store_path": "/nix/store/ahn380skfkdg3ynimjpqakc1wp26mpsi-golangci-lint-2.3.1"
        },
        "aarch64-linux": {
          "outputs": [
            {
              "name": "out",
              "path": "/nix/store/5wf61l5pnqlna9mwllllq334rkh1i2a6-golangci-lint-2.3.1",
              "default": true
            }
          ],
          "store_path": "/nix/store/5wf61l5pnqlna9mwllllq334rkh1i2a6-golangci-lint-2.3.1"
        },
        "x86_64-darwin": {
          "outputs": [
            {
              "name": "out",
              "path": "/nix/store/sbqfd50kb6g4gka3w1vixjrnacspdwq5-golangci-lint-2.3.1",
              "default": true
            }
          ],
          "store_path": "/nix/store/sbqfd50kb6g4gka3w1vixjrnacspdwq5-golangci-lint-2.3.1"
        },
        "x86_64-linux": {
          "outputs": [
            {
              "name": "out",
              "path": "/nix/store/kxbsvkixvkn0ss81rbc1g814sizd1jwj-golangci-lint-2.3.1",
              "default": true
            }
          ],
          "store_path": "/nix/store/kxbsvkixvkn0ss81rbc1g814sizd1jwj-golangci-lint-2.3.1"
        }
      }
    },
    "viu@latest": {
      "last_modified": "2025-07-28T17:09:23Z",
      "resolved": "github:NixOS/nixpkgs/648f70160c03151bc2121d179291337ad6bc564b#viu",
      "source": "devbox-search",
      "version": "1.5.1",
      "systems": {
        "aarch64-darwin": {
          "outputs": [
            {
              "name": "out",
              "path": "/nix/store/iy038kir54ldpvxc5zm82k5crliv5f5l-viu-1.5.1",
              "default": true
            }
          ],
          "store_path": "/nix/store/iy038kir54ldpvxc5zm82k5crliv5f5l-viu-1.5.1"
        },
        "aarch64-linux": {
          "outputs": [
            {
              "name": "out",
              "path": "/nix/store/7rcgk2nnwhr1vx4cd15p9fb3b1yw3pkf-viu-1.5.1",
              "default": true
            }
          ],
          "store_path": "/nix/store/7rcgk2nnwhr1vx4cd15p9fb3b1yw3pkf-viu-1.5.1"
        },
        "x86_64-darwin": {
          "outputs": [
            {
              "name": "out",
              "path": "/nix/store/17k7qkiaaxa0fsd5cjp8dc7ji16krds3-viu-1.5.1",
              "default": true
            }
          ],
          "store_path": "/nix/store/17k7qkiaaxa0fsd5cjp8dc7ji16krds3-viu-1.5.1"
        },
        "x86_64-linux": {
          "outputs": [
            {
              "name": "out",
              "path": "/nix/store/kwj08cpvk0yjf6yvajzwbxx2n96wxg05-viu-1.5.1",
              "default": true
            }
          ],
          "store_path": "/nix/store/kwj08cpvk0yjf6yvajzwbxx2n96wxg05-viu-1.5.1"
        }
      }
    },
    "yq@latest": {
      "last_modified": "2025-07-28T17:09:23Z",
      "resolved": "github:NixOS/nixpkgs/648f70160c03151bc2121d179291337ad6bc564b#yq",
      "source": "devbox-search",
      "version": "3.4.3",
      "systems": {
        "aarch64-darwin": {
          "outputs": [
            {
              "name": "out",
              "path": "/nix/store/pv0z7486gqyfldkdm9dl7b7kh91n1xdz-python3.13-yq-3.4.3",
              "default": true
            },
            {
              "name": "dist",
              "path": "/nix/store/agqzsww2s8gwziryz8dbva6xh24h7rjp-python3.13-yq-3.4.3-dist"
            }
          ],
          "store_path": "/nix/store/pv0z7486gqyfldkdm9dl7b7kh91n1xdz-python3.13-yq-3.4.3"
        },
        "aarch64-linux": {
          "outputs": [
            {
              "name": "out",
              "path": "/nix/store/f2ljrw5wyly5w5w051xf15026i3cpxvm-python3.13-yq-3.4.3",
              "default": true
            },
            {
              "name": "dist",
              "path": "/nix/store/2kzk1g3y5slylhkfidrazy5fsl5m7dl5-python3.13-yq-3.4.3-dist"
            }
          ],
          "store_path": "/nix/store/f2ljrw5wyly5w5w051xf15026i3cpxvm-python3.13-yq-3.4.3"
        },
        "x86_64-darwin": {
          "outputs": [
            {
              "name": "out",
              "path": "/nix/store/fnyws30rnpa4i1aw0rrd0z2n0wn3qv9m-python3.13-yq-3.4.3",
              "default": true
            },
            {
              "name": "dist",
              "path": "/nix/store/ll0nb6a2f9wd1ghpymyg8fjwiyqgxls1-python3.13-yq-3.4.3-dist"
            }
          ],
          "store_path": "/nix/store/fnyws30rnpa4i1aw0rrd0z2n0wn3qv9m-python3.13-yq-3.4.3"
        },
        "x86_64-linux": {
          "outputs": [
            {
              "name": "out",
              "path": "/nix/store/73wfjnpi4ms8xbrf4j8357rk0gm6dsc9-python3.13-yq-3.4.3",
              "default": true
            },
            {
              "name": "dist",
              "path": "/nix/store/kbizcjfiqi08yvdb7zkp44fshi1rw97y-python3.13-yq-3.4.3-dist"
            }
          ],
          "store_path": "/nix/store/73wfjnpi4ms8xbrf4j8357rk0gm6dsc9-python3.13-yq-3.4.3"
        }
      }
    }
  }
}
